
Microsoft Visual Studio Solution File, Format Version 12.00
# Visual Studio 15
VisualStudioVersion = 15.0.28307.1401
MinimumVisualStudioVersion = 10.0.40219.1
Project("{FAE04EC0-301F-11D3-BF4B-00C04F79EFBC}") = "Controle2", "Controle2\Controle2.csproj", "{2C418FF9-599C-484B-97D2-6E59A1F53D1E}"
EndProject
Global
	GlobalSection(SolutionConfigurationPlatforms) = preSolution
		Debug|Any CPU = Debug|Any CPU
		Release|Any CPU = Release|Any CPU
	EndGlobalSection
	GlobalSection(ProjectConfigurationPlatforms) = postSolution
		{2C418FF9-599C-484B-97D2-6E59A1F53D1E}.Debug|Any CPU.ActiveCfg = Debug|Any CPU
		{2C418FF9-599C-484B-97D2-6E59A1F53D1E}.Debug|Any CPU.Build.0 = Debug|Any CPU
		{2C418FF9-599C-484B-97D2-6E59A1F53D1E}.Release|Any CPU.ActiveCfg = Release|Any CPU
		{2C418FF9-599C-484B-97D2-6E59A1F53D1E}.Release|Any CPU.Build.0 = Release|Any CPU
	EndGlobalSection
	GlobalSection(SolutionProperties) = preSolution
		HideSolutionNode = FALSE
	EndGlobalSection
	GlobalSection(ExtensibilityGlobals) = postSolution
		SolutionGuid = {8DFFCC2F-9ED0-4BC5-ABC3-78068E7AC000}
	EndGlobalSection
EndGlobal
